
Microsoft Visual Studio Solution File, Format Version 12.00
# Visual Studio 15
VisualStudioVersion = 15.0.27428.2037
MinimumVisualStudioVersion = 10.0.40219.1
Project("{FAE04EC0-301F-11D3-BF4B-00C04F79EFBC}") = "Apteczka.API", "Apteczka.API\Apteczka.API.csproj", "{292F44F2-074E-4A2F-8A74-73650811BB30}"
EndProject
Project("{FAE04EC0-301F-11D3-BF4B-00C04F79EFBC}") = "Apteczka.Tests", "Apteczka.Tests\Apteczka.Tests.csproj", "{6DED45CA-011F-4F71-B3C1-2E2D89A334AC}"
EndProject
Project("{FAE04EC0-301F-11D3-BF4B-00C04F79EFBC}") = "Apteczka.Data", "Apteczka.Data\Apteczka.Data.csproj", "{2FEC3C4A-F9D9-47BC-8C23-B45B5717E0A7}"
EndProject
Project("{FAE04EC0-301F-11D3-BF4B-00C04F79EFBC}") = "Apteczka.Common", "Apteczka.Common\Apteczka.Common.csproj", "{547EBB20-AD63-4837-9BB6-CD89E7571EE8}"
EndProject
Global
	GlobalSection(SolutionConfigurationPlatforms) = preSolution
		Debug|Any CPU = Debug|Any CPU
		Release|Any CPU = Release|Any CPU
	EndGlobalSection
	GlobalSection(ProjectConfigurationPlatforms) = postSolution
		{292F44F2-074E-4A2F-8A74-73650811BB30}.Debug|Any CPU.ActiveCfg = Debug|Any CPU
		{292F44F2-074E-4A2F-8A74-73650811BB30}.Debug|Any CPU.Build.0 = Debug|Any CPU
		{292F44F2-074E-4A2F-8A74-73650811BB30}.Release|Any CPU.ActiveCfg = Release|Any CPU
		{292F44F2-074E-4A2F-8A74-73650811BB30}.Release|Any CPU.Build.0 = Release|Any CPU
		{6DED45CA-011F-4F71-B3C1-2E2D89A334AC}.Debug|Any CPU.ActiveCfg = Debug|Any CPU
		{6DED45CA-011F-4F71-B3C1-2E2D89A334AC}.Debug|Any CPU.Build.0 = Debug|Any CPU
		{6DED45CA-011F-4F71-B3C1-2E2D89A334AC}.Release|Any CPU.ActiveCfg = Release|Any CPU
		{6DED45CA-011F-4F71-B3C1-2E2D89A334AC}.Release|Any CPU.Build.0 = Release|Any CPU
		{2FEC3C4A-F9D9-47BC-8C23-B45B5717E0A7}.Debug|Any CPU.ActiveCfg = Debug|Any CPU
		{2FEC3C4A-F9D9-47BC-8C23-B45B5717E0A7}.Debug|Any CPU.Build.0 = Debug|Any CPU
		{2FEC3C4A-F9D9-47BC-8C23-B45B5717E0A7}.Release|Any CPU.ActiveCfg = Release|Any CPU
		{2FEC3C4A-F9D9-47BC-8C23-B45B5717E0A7}.Release|Any CPU.Build.0 = Release|Any CPU
		{547EBB20-AD63-4837-9BB6-CD89E7571EE8}.Debug|Any CPU.ActiveCfg = Debug|Any CPU
		{547EBB20-AD63-4837-9BB6-CD89E7571EE8}.Debug|Any CPU.Build.0 = Debug|Any CPU
		{547EBB20-AD63-4837-9BB6-CD89E7571EE8}.Release|Any CPU.ActiveCfg = Release|Any CPU
		{547EBB20-AD63-4837-9BB6-CD89E7571EE8}.Release|Any CPU.Build.0 = Release|Any CPU
	EndGlobalSection
	GlobalSection(SolutionProperties) = preSolution
		HideSolutionNode = FALSE
	EndGlobalSection
	GlobalSection(ExtensibilityGlobals) = postSolution
		SolutionGuid = {527C45AB-64E9-405C-9072-2586F79D6BEB}
	EndGlobalSection
EndGlobal
